
Microsoft Visual Studio Solution File, Format Version 12.00
# Visual Studio Version 17
VisualStudioVersion = 17.14.36301.6 d17.14
MinimumVisualStudioVersion = 10.0.40219.1
Project("{FAE04EC0-301F-11D3-BF4B-00C04F79EFBC}") = "SubtitleTranslator", "SubtitleTranslator\SubtitleTranslator.csproj", "{DA64B093-62B7-410A-9D77-8A13EF66C48F}"
EndProject
Global
	GlobalSection(SolutionConfigurationPlatforms) = preSolution
		Debug|Any CPU = Debug|Any CPU
		Release|Any CPU = Release|Any CPU
	EndGlobalSection
	GlobalSection(ProjectConfigurationPlatforms) = postSolution
		{DA64B093-62B7-410A-9D77-8A13EF66C48F}.Debug|Any CPU.ActiveCfg = Debug|Any CPU
		{DA64B093-62B7-410A-9D77-8A13EF66C48F}.Debug|Any CPU.Build.0 = Debug|Any CPU
		{DA64B093-62B7-410A-9D77-8A13EF66C48F}.Release|Any CPU.ActiveCfg = Release|Any CPU
		{DA64B093-62B7-410A-9D77-8A13EF66C48F}.Release|Any CPU.Build.0 = Release|Any CPU
	EndGlobalSection
	GlobalSection(SolutionProperties) = preSolution
		HideSolutionNode = FALSE
	EndGlobalSection
	GlobalSection(ExtensibilityGlobals) = postSolution
		SolutionGuid = {D4C255F0-ED46-4FFB-9094-4696EC065CB7}
	EndGlobalSection
EndGlobal
